
Microsoft Visual Studio Solution File, Format Version 12.00
# Visual Studio Version 16
VisualStudioVersion = 16.0.33423.256
MinimumVisualStudioVersion = 10.0.40219.1
Project("{FAE04EC0-301F-11D3-BF4B-00C04F79EFBC}") = "RevitAPITrainigCreationModel4", "RevitAPITrainigCreationModel4.csproj", "{51913CF9-F1FE-4CE6-8ABB-1C1808ACBBF3}"
EndProject
Global
	GlobalSection(SolutionConfigurationPlatforms) = preSolution
		Debug|Any CPU = Debug|Any CPU
		Debug|x64 = Debug|x64
		Release|Any CPU = Release|Any CPU
		Release|x64 = Release|x64
	EndGlobalSection
	GlobalSection(ProjectConfigurationPlatforms) = postSolution
		{51913CF9-F1FE-4CE6-8ABB-1C1808ACBBF3}.Debug|Any CPU.ActiveCfg = Debug|Any CPU
		{51913CF9-F1FE-4CE6-8ABB-1C1808ACBBF3}.Debug|Any CPU.Build.0 = Debug|Any CPU
		{51913CF9-F1FE-4CE6-8ABB-1C1808ACBBF3}.Debug|x64.ActiveCfg = Debug|x64
		{51913CF9-F1FE-4CE6-8ABB-1C1808ACBBF3}.Debug|x64.Build.0 = Debug|x64
		{51913CF9-F1FE-4CE6-8ABB-1C1808ACBBF3}.Release|Any CPU.ActiveCfg = Release|Any CPU
		{51913CF9-F1FE-4CE6-8ABB-1C1808ACBBF3}.Release|Any CPU.Build.0 = Release|Any CPU
		{51913CF9-F1FE-4CE6-8ABB-1C1808ACBBF3}.Release|x64.ActiveCfg = Release|x64
		{51913CF9-F1FE-4CE6-8ABB-1C1808ACBBF3}.Release|x64.Build.0 = Release|x64
	EndGlobalSection
	GlobalSection(SolutionProperties) = preSolution
		HideSolutionNode = FALSE
	EndGlobalSection
	GlobalSection(ExtensibilityGlobals) = postSolution
		SolutionGuid = {F500BEA7-B7C6-41EA-8019-8222273A5387}
	EndGlobalSection
EndGlobal
